
Microsoft Visual Studio Solution File, Format Version 12.00
# Visual Studio Version 17
VisualStudioVersion = 17.7.34018.315
MinimumVisualStudioVersion = 10.0.40219.1
Project("{FAE04EC0-301F-11D3-BF4B-00C04F79EFBC}") = "Odev_2", "Odev_2\Odev_2.csproj", "{339FC690-D57F-42CE-8E74-F1DB59958270}"
EndProject
Global
	GlobalSection(SolutionConfigurationPlatforms) = preSolution
		Debug|Any CPU = Debug|Any CPU
		Release|Any CPU = Release|Any CPU
	EndGlobalSection
	GlobalSection(ProjectConfigurationPlatforms) = postSolution
		{339FC690-D57F-42CE-8E74-F1DB59958270}.Debug|Any CPU.ActiveCfg = Debug|Any CPU
		{339FC690-D57F-42CE-8E74-F1DB59958270}.Debug|Any CPU.Build.0 = Debug|Any CPU
		{339FC690-D57F-42CE-8E74-F1DB59958270}.Release|Any CPU.ActiveCfg = Release|Any CPU
		{339FC690-D57F-42CE-8E74-F1DB59958270}.Release|Any CPU.Build.0 = Release|Any CPU
	EndGlobalSection
	GlobalSection(SolutionProperties) = preSolution
		HideSolutionNode = FALSE
	EndGlobalSection
	GlobalSection(ExtensibilityGlobals) = postSolution
		SolutionGuid = {A0FD83DD-05AC-45B4-BD05-05DBCA58E7DA}
	EndGlobalSection
EndGlobal
